
Microsoft Visual Studio Solution File, Format Version 12.00
# Visual Studio 15
VisualStudioVersion = 15.0.27130.2010
MinimumVisualStudioVersion = 10.0.40219.1
Project("{FAE04EC0-301F-11D3-BF4B-00C04F79EFBC}") = "MedicAid", "MedicAid\MedicAid.csproj", "{C9521AF8-54BA-400C-83F0-707265F941DA}"
EndProject
Project("{FAE04EC0-301F-11D3-BF4B-00C04F79EFBC}") = "MedicAid.Tests", "MedicAid.Tests\MedicAid.Tests.csproj", "{BCF98231-65CD-479B-BA1C-13095323F05F}"
EndProject
Global
	GlobalSection(SolutionConfigurationPlatforms) = preSolution
		Debug|Any CPU = Debug|Any CPU
		Release|Any CPU = Release|Any CPU
	EndGlobalSection
	GlobalSection(ProjectConfigurationPlatforms) = postSolution
		{C9521AF8-54BA-400C-83F0-707265F941DA}.Debug|Any CPU.ActiveCfg = Debug|Any CPU
		{C9521AF8-54BA-400C-83F0-707265F941DA}.Debug|Any CPU.Build.0 = Debug|Any CPU
		{C9521AF8-54BA-400C-83F0-707265F941DA}.Release|Any CPU.ActiveCfg = Release|Any CPU
		{C9521AF8-54BA-400C-83F0-707265F941DA}.Release|Any CPU.Build.0 = Release|Any CPU
		{BCF98231-65CD-479B-BA1C-13095323F05F}.Debug|Any CPU.ActiveCfg = Debug|Any CPU
		{BCF98231-65CD-479B-BA1C-13095323F05F}.Debug|Any CPU.Build.0 = Debug|Any CPU
		{BCF98231-65CD-479B-BA1C-13095323F05F}.Release|Any CPU.ActiveCfg = Release|Any CPU
		{BCF98231-65CD-479B-BA1C-13095323F05F}.Release|Any CPU.Build.0 = Release|Any CPU
	EndGlobalSection
	GlobalSection(SolutionProperties) = preSolution
		HideSolutionNode = FALSE
	EndGlobalSection
	GlobalSection(ExtensibilityGlobals) = postSolution
		SolutionGuid = {1E7D4FB7-57C2-4772-B0B4-F8876B703D68}
	EndGlobalSection
EndGlobal
